
Microsoft Visual Studio Solution File, Format Version 12.00
# Visual Studio Version 17
VisualStudioVersion = 17.9.34728.123
MinimumVisualStudioVersion = 10.0.40219.1
Project("{FAE04EC0-301F-11D3-BF4B-00C04F79EFBC}") = "EjercicioClase", "EjercicioClase\EjercicioClase.csproj", "{050854DD-63D2-4965-AE3C-9912BC489F89}"
EndProject
Global
	GlobalSection(SolutionConfigurationPlatforms) = preSolution
		Debug|Any CPU = Debug|Any CPU
		Release|Any CPU = Release|Any CPU
	EndGlobalSection
	GlobalSection(ProjectConfigurationPlatforms) = postSolution
		{050854DD-63D2-4965-AE3C-9912BC489F89}.Debug|Any CPU.ActiveCfg = Debug|Any CPU
		{050854DD-63D2-4965-AE3C-9912BC489F89}.Debug|Any CPU.Build.0 = Debug|Any CPU
		{050854DD-63D2-4965-AE3C-9912BC489F89}.Release|Any CPU.ActiveCfg = Release|Any CPU
		{050854DD-63D2-4965-AE3C-9912BC489F89}.Release|Any CPU.Build.0 = Release|Any CPU
	EndGlobalSection
	GlobalSection(SolutionProperties) = preSolution
		HideSolutionNode = FALSE
	EndGlobalSection
	GlobalSection(ExtensibilityGlobals) = postSolution
		SolutionGuid = {8A9F71BA-7198-4018-96BF-D32A6C6985F0}
	EndGlobalSection
EndGlobal
